
Microsoft Visual Studio Solution File, Format Version 12.00
# Visual Studio Version 17
VisualStudioVersion = 17.3.32611.2
MinimumVisualStudioVersion = 10.0.40219.1
Project("{FAE04EC0-301F-11D3-BF4B-00C04F79EFBC}") = "HealthCheckWEB", "HealthCheckWEB.csproj", "{02F1E287-B3B7-4E24-AEC9-9AD3DD6F0574}"
EndProject
Global
	GlobalSection(SolutionConfigurationPlatforms) = preSolution
		Debug|Any CPU = Debug|Any CPU
		Release|Any CPU = Release|Any CPU
	EndGlobalSection
	GlobalSection(ProjectConfigurationPlatforms) = postSolution
		{02F1E287-B3B7-4E24-AEC9-9AD3DD6F0574}.Debug|Any CPU.ActiveCfg = Debug|Any CPU
		{02F1E287-B3B7-4E24-AEC9-9AD3DD6F0574}.Debug|Any CPU.Build.0 = Debug|Any CPU
		{02F1E287-B3B7-4E24-AEC9-9AD3DD6F0574}.Release|Any CPU.ActiveCfg = Release|Any CPU
		{02F1E287-B3B7-4E24-AEC9-9AD3DD6F0574}.Release|Any CPU.Build.0 = Release|Any CPU
	EndGlobalSection
	GlobalSection(SolutionProperties) = preSolution
		HideSolutionNode = FALSE
	EndGlobalSection
	GlobalSection(ExtensibilityGlobals) = postSolution
		SolutionGuid = {24D35147-035C-4D21-9846-65C25C2372BF}
	EndGlobalSection
EndGlobal
