
Microsoft Visual Studio Solution File, Format Version 12.00
# Visual Studio Version 16
VisualStudioVersion = 16.0.29409.12
MinimumVisualStudioVersion = 10.0.40219.1
Project("{9A19103F-16F7-4668-BE54-9A1E7A4F7556}") = "NootsAPI", "NootsAPI\NootsAPI.csproj", "{4D5C7D31-3A1C-4A27-A064-9A3C0CC5B257}"
EndProject
Project("{9A19103F-16F7-4668-BE54-9A1E7A4F7556}") = "Noots.BusinessLogic", "Noots.BusinessLogic\Noots.BusinessLogic.csproj", "{E230BC10-022B-421A-93AF-C2035CD7D150}"
EndProject
Project("{9A19103F-16F7-4668-BE54-9A1E7A4F7556}") = "Noots.DataAccess", "Noots.DataAccess\Noots.DataAccess.csproj", "{6D348A2A-DC72-4542-9FD9-343BD7C995D7}"
EndProject
Project("{9A19103F-16F7-4668-BE54-9A1E7A4F7556}") = "Shared", "..\Shared\Shared\Shared.csproj", "{62BD1CA0-949F-4CCA-9635-B34B608AF7BF}"
EndProject
Global
	GlobalSection(SolutionConfigurationPlatforms) = preSolution
		Debug|Any CPU = Debug|Any CPU
		Release|Any CPU = Release|Any CPU
	EndGlobalSection
	GlobalSection(ProjectConfigurationPlatforms) = postSolution
		{4D5C7D31-3A1C-4A27-A064-9A3C0CC5B257}.Debug|Any CPU.ActiveCfg = Debug|Any CPU
		{4D5C7D31-3A1C-4A27-A064-9A3C0CC5B257}.Debug|Any CPU.Build.0 = Debug|Any CPU
		{4D5C7D31-3A1C-4A27-A064-9A3C0CC5B257}.Release|Any CPU.ActiveCfg = Release|Any CPU
		{4D5C7D31-3A1C-4A27-A064-9A3C0CC5B257}.Release|Any CPU.Build.0 = Release|Any CPU
		{E230BC10-022B-421A-93AF-C2035CD7D150}.Debug|Any CPU.ActiveCfg = Debug|Any CPU
		{E230BC10-022B-421A-93AF-C2035CD7D150}.Debug|Any CPU.Build.0 = Debug|Any CPU
		{E230BC10-022B-421A-93AF-C2035CD7D150}.Release|Any CPU.ActiveCfg = Release|Any CPU
		{E230BC10-022B-421A-93AF-C2035CD7D150}.Release|Any CPU.Build.0 = Release|Any CPU
		{6D348A2A-DC72-4542-9FD9-343BD7C995D7}.Debug|Any CPU.ActiveCfg = Debug|Any CPU
		{6D348A2A-DC72-4542-9FD9-343BD7C995D7}.Debug|Any CPU.Build.0 = Debug|Any CPU
		{6D348A2A-DC72-4542-9FD9-343BD7C995D7}.Release|Any CPU.ActiveCfg = Release|Any CPU
		{6D348A2A-DC72-4542-9FD9-343BD7C995D7}.Release|Any CPU.Build.0 = Release|Any CPU
		{62BD1CA0-949F-4CCA-9635-B34B608AF7BF}.Debug|Any CPU.ActiveCfg = Debug|Any CPU
		{62BD1CA0-949F-4CCA-9635-B34B608AF7BF}.Debug|Any CPU.Build.0 = Debug|Any CPU
		{62BD1CA0-949F-4CCA-9635-B34B608AF7BF}.Release|Any CPU.ActiveCfg = Release|Any CPU
		{62BD1CA0-949F-4CCA-9635-B34B608AF7BF}.Release|Any CPU.Build.0 = Release|Any CPU
	EndGlobalSection
	GlobalSection(SolutionProperties) = preSolution
		HideSolutionNode = FALSE
	EndGlobalSection
	GlobalSection(ExtensibilityGlobals) = postSolution
		SolutionGuid = {3C5807B4-6AD2-4A0A-A8B5-69E1EFA5A4F9}
	EndGlobalSection
EndGlobal
