
Microsoft Visual Studio Solution File, Format Version 12.00
# Visual Studio Version 17
VisualStudioVersion = 17.3.32611.2
MinimumVisualStudioVersion = 10.0.40219.1
Project("{9A19103F-16F7-4668-BE54-9A1E7A4F7556}") = "HealthCheckWEB", "HealthCheckWEB\HealthCheckWEB.csproj", "{E5C11840-6D7D-476A-935C-DB1A1CEE8C7F}"
EndProject
Project("{9A19103F-16F7-4668-BE54-9A1E7A4F7556}") = "DatabaseContext", "DatabaseContext\DatabaseContext.csproj", "{4F947C7C-EF93-41DC-B47C-421876450735}"
EndProject
Global
	GlobalSection(SolutionConfigurationPlatforms) = preSolution
		Debug|Any CPU = Debug|Any CPU
		Release|Any CPU = Release|Any CPU
	EndGlobalSection
	GlobalSection(ProjectConfigurationPlatforms) = postSolution
		{E5C11840-6D7D-476A-935C-DB1A1CEE8C7F}.Debug|Any CPU.ActiveCfg = Debug|Any CPU
		{E5C11840-6D7D-476A-935C-DB1A1CEE8C7F}.Debug|Any CPU.Build.0 = Debug|Any CPU
		{E5C11840-6D7D-476A-935C-DB1A1CEE8C7F}.Release|Any CPU.ActiveCfg = Release|Any CPU
		{E5C11840-6D7D-476A-935C-DB1A1CEE8C7F}.Release|Any CPU.Build.0 = Release|Any CPU
		{4F947C7C-EF93-41DC-B47C-421876450735}.Debug|Any CPU.ActiveCfg = Debug|Any CPU
		{4F947C7C-EF93-41DC-B47C-421876450735}.Debug|Any CPU.Build.0 = Debug|Any CPU
		{4F947C7C-EF93-41DC-B47C-421876450735}.Release|Any CPU.ActiveCfg = Release|Any CPU
		{4F947C7C-EF93-41DC-B47C-421876450735}.Release|Any CPU.Build.0 = Release|Any CPU
	EndGlobalSection
	GlobalSection(SolutionProperties) = preSolution
		HideSolutionNode = FALSE
	EndGlobalSection
	GlobalSection(ExtensibilityGlobals) = postSolution
		SolutionGuid = {B1937CD1-A4DE-4113-8326-6E68DE5743E0}
	EndGlobalSection
EndGlobal
