
Microsoft Visual Studio Solution File, Format Version 12.00
# Visual Studio Version 17
VisualStudioVersion = 17.1.31911.260
MinimumVisualStudioVersion = 10.0.40219.1
Project("{9A19103F-16F7-4668-BE54-9A1E7A4F7556}") = "API", "Noots.API\API.csproj", "{DEAAFA6A-22E9-46AD-B1E4-580D9D6729F3}"
EndProject
Project("{9A19103F-16F7-4668-BE54-9A1E7A4F7556}") = "Common", "Common\Common.csproj", "{F926A132-3078-4E4A-B4F8-635045A2E52D}"
EndProject
Project("{9A19103F-16F7-4668-BE54-9A1E7A4F7556}") = "FakeData", "FakeData\FakeData.csproj", "{D66396AF-C4E8-4C6B-A117-3F19F2212038}"
EndProject
Project("{9A19103F-16F7-4668-BE54-9A1E7A4F7556}") = "ContentProcessing", "ContentProcessing\ContentProcessing.csproj", "{E0D26516-BF4C-4887-9189-54F99FEB4791}"
EndProject
Project("{9A19103F-16F7-4668-BE54-9A1E7A4F7556}") = "API.Worker", "Noots.API.Workers\API.Worker.csproj", "{8FE808BD-2948-4385-A427-0146AAAEA2CA}"
EndProject
Project("{9A19103F-16F7-4668-BE54-9A1E7A4F7556}") = "History", "Noots.History\History.csproj", "{CE98FA95-9201-4BFE-B583-DB45442F341F}"
EndProject
Project("{9A19103F-16F7-4668-BE54-9A1E7A4F7556}") = "Mapper", "Noots.Mapper\Mapper.csproj", "{F3D472F6-876D-4BE2-AF27-7CAEDCDB87FA}"
EndProject
Project("{9A19103F-16F7-4668-BE54-9A1E7A4F7556}") = "Permissions", "Noots.Permissions\Permissions.csproj", "{DDEE7B98-0B64-44D9-A1B8-AD61593A6482}"
EndProject
Project("{9A19103F-16F7-4668-BE54-9A1E7A4F7556}") = "Storage", "Noots.Storage\Storage.csproj", "{D58AEE45-071B-4DF5-B0EC-038881E77E25}"
EndProject
Project("{9A19103F-16F7-4668-BE54-9A1E7A4F7556}") = "MapperLocked", "Noots.MapperLocked\MapperLocked.csproj", "{94D7F42E-18FC-43BF-B16D-8F515F593167}"
EndProject
Project("{9A19103F-16F7-4668-BE54-9A1E7A4F7556}") = "Search", "Noots.Search\Search.csproj", "{CF064099-4616-4A91-8998-7F45D3058189}"
EndProject
Project("{9A19103F-16F7-4668-BE54-9A1E7A4F7556}") = "Personalization", "Noots.Personalization\Personalization.csproj", "{24426311-E6E3-4F31-93C1-C8153180966C}"
EndProject
Project("{9A19103F-16F7-4668-BE54-9A1E7A4F7556}") = "Users", "Noots.Users\Users.csproj", "{B6A648ED-7253-458C-9CFC-5B735A6A3B6E}"
EndProject
Project("{9A19103F-16F7-4668-BE54-9A1E7A4F7556}") = "Sharing", "Noots.Sharing\Sharing.csproj", "{16AD0F22-59F5-4DB3-8245-A49405310EF7}"
EndProject
Project("{9A19103F-16F7-4668-BE54-9A1E7A4F7556}") = "SignalrUpdater", "Noots.SignalrUpdater\SignalrUpdater.csproj", "{D28813C7-7D32-4403-8988-940119239E56}"
EndProject
Project("{9A19103F-16F7-4668-BE54-9A1E7A4F7556}") = "Backgrounds", "Noots.Backgrounds\Backgrounds.csproj", "{7762D56E-5553-4710-A3FC-6798B9179DE3}"
EndProject
Project("{9A19103F-16F7-4668-BE54-9A1E7A4F7556}") = "RelatedNotes", "Noots.RelatedNotes\RelatedNotes.csproj", "{F51B0A18-7767-4B87-A780-F930470B5160}"
EndProject
Project("{9A19103F-16F7-4668-BE54-9A1E7A4F7556}") = "DatabaseContext", "Noots.DatabaseContext\DatabaseContext.csproj", "{C13F957B-4AD8-44F4-871A-6DB22A7755F7}"
EndProject
Project("{9A19103F-16F7-4668-BE54-9A1E7A4F7556}") = "Auth", "Noots.Auth\Auth.csproj", "{1D324309-821D-45A0-9562-1FEB869D17EF}"
EndProject
Project("{9A19103F-16F7-4668-BE54-9A1E7A4F7556}") = "Labels", "Noots.Labels\Labels.csproj", "{27634643-0924-421E-9E18-491CB4C76841}"
EndProject
Project("{9A19103F-16F7-4668-BE54-9A1E7A4F7556}") = "Billing", "Noots.Billing\Billing.csproj", "{0C9008A7-04EB-4D10-8D12-F0A0EAC9591E}"
EndProject
Project("{9A19103F-16F7-4668-BE54-9A1E7A4F7556}") = "Notes", "Noots.Notes\Notes.csproj", "{EBF121C0-DBBA-450B-83DD-85885EE60D7B}"
EndProject
Project("{9A19103F-16F7-4668-BE54-9A1E7A4F7556}") = "Folders", "Noots.Folders\Folders.csproj", "{6267EA65-D7CE-4869-95A2-0051F55F9BC5}"
EndProject
Project("{9A19103F-16F7-4668-BE54-9A1E7A4F7556}") = "Notifications", "Noots.Notifications\Notifications.csproj", "{4F1FDF8D-3F32-435A-B2CB-91F497D35274}"
EndProject
Project("{9A19103F-16F7-4668-BE54-9A1E7A4F7556}") = "Editor", "Noots.Editor\Editor.csproj", "{B7E325F8-5FE3-4BD7-95DA-4505F048976C}"
EndProject
Global
	GlobalSection(SolutionConfigurationPlatforms) = preSolution
		Debug|Any CPU = Debug|Any CPU
		Release|Any CPU = Release|Any CPU
	EndGlobalSection
	GlobalSection(ProjectConfigurationPlatforms) = postSolution
		{DEAAFA6A-22E9-46AD-B1E4-580D9D6729F3}.Debug|Any CPU.ActiveCfg = Debug|Any CPU
		{DEAAFA6A-22E9-46AD-B1E4-580D9D6729F3}.Debug|Any CPU.Build.0 = Debug|Any CPU
		{DEAAFA6A-22E9-46AD-B1E4-580D9D6729F3}.Release|Any CPU.ActiveCfg = Release|Any CPU
		{DEAAFA6A-22E9-46AD-B1E4-580D9D6729F3}.Release|Any CPU.Build.0 = Release|Any CPU
		{F926A132-3078-4E4A-B4F8-635045A2E52D}.Debug|Any CPU.ActiveCfg = Debug|Any CPU
		{F926A132-3078-4E4A-B4F8-635045A2E52D}.Debug|Any CPU.Build.0 = Debug|Any CPU
		{F926A132-3078-4E4A-B4F8-635045A2E52D}.Release|Any CPU.ActiveCfg = Release|Any CPU
		{F926A132-3078-4E4A-B4F8-635045A2E52D}.Release|Any CPU.Build.0 = Release|Any CPU
		{D66396AF-C4E8-4C6B-A117-3F19F2212038}.Debug|Any CPU.ActiveCfg = Debug|Any CPU
		{D66396AF-C4E8-4C6B-A117-3F19F2212038}.Debug|Any CPU.Build.0 = Debug|Any CPU
		{D66396AF-C4E8-4C6B-A117-3F19F2212038}.Release|Any CPU.ActiveCfg = Release|Any CPU
		{D66396AF-C4E8-4C6B-A117-3F19F2212038}.Release|Any CPU.Build.0 = Release|Any CPU
		{E0D26516-BF4C-4887-9189-54F99FEB4791}.Debug|Any CPU.ActiveCfg = Debug|Any CPU
		{E0D26516-BF4C-4887-9189-54F99FEB4791}.Debug|Any CPU.Build.0 = Debug|Any CPU
		{E0D26516-BF4C-4887-9189-54F99FEB4791}.Release|Any CPU.ActiveCfg = Release|Any CPU
		{E0D26516-BF4C-4887-9189-54F99FEB4791}.Release|Any CPU.Build.0 = Release|Any CPU
		{8FE808BD-2948-4385-A427-0146AAAEA2CA}.Debug|Any CPU.ActiveCfg = Debug|Any CPU
		{8FE808BD-2948-4385-A427-0146AAAEA2CA}.Debug|Any CPU.Build.0 = Debug|Any CPU
		{8FE808BD-2948-4385-A427-0146AAAEA2CA}.Release|Any CPU.ActiveCfg = Release|Any CPU
		{8FE808BD-2948-4385-A427-0146AAAEA2CA}.Release|Any CPU.Build.0 = Release|Any CPU
		{CE98FA95-9201-4BFE-B583-DB45442F341F}.Debug|Any CPU.ActiveCfg = Debug|Any CPU
		{CE98FA95-9201-4BFE-B583-DB45442F341F}.Debug|Any CPU.Build.0 = Debug|Any CPU
		{CE98FA95-9201-4BFE-B583-DB45442F341F}.Release|Any CPU.ActiveCfg = Release|Any CPU
		{CE98FA95-9201-4BFE-B583-DB45442F341F}.Release|Any CPU.Build.0 = Release|Any CPU
		{F3D472F6-876D-4BE2-AF27-7CAEDCDB87FA}.Debug|Any CPU.ActiveCfg = Debug|Any CPU
		{F3D472F6-876D-4BE2-AF27-7CAEDCDB87FA}.Debug|Any CPU.Build.0 = Debug|Any CPU
		{F3D472F6-876D-4BE2-AF27-7CAEDCDB87FA}.Release|Any CPU.ActiveCfg = Release|Any CPU
		{F3D472F6-876D-4BE2-AF27-7CAEDCDB87FA}.Release|Any CPU.Build.0 = Release|Any CPU
		{DDEE7B98-0B64-44D9-A1B8-AD61593A6482}.Debug|Any CPU.ActiveCfg = Debug|Any CPU
		{DDEE7B98-0B64-44D9-A1B8-AD61593A6482}.Debug|Any CPU.Build.0 = Debug|Any CPU
		{DDEE7B98-0B64-44D9-A1B8-AD61593A6482}.Release|Any CPU.ActiveCfg = Release|Any CPU
		{DDEE7B98-0B64-44D9-A1B8-AD61593A6482}.Release|Any CPU.Build.0 = Release|Any CPU
		{D58AEE45-071B-4DF5-B0EC-038881E77E25}.Debug|Any CPU.ActiveCfg = Debug|Any CPU
		{D58AEE45-071B-4DF5-B0EC-038881E77E25}.Debug|Any CPU.Build.0 = Debug|Any CPU
		{D58AEE45-071B-4DF5-B0EC-038881E77E25}.Release|Any CPU.ActiveCfg = Release|Any CPU
		{D58AEE45-071B-4DF5-B0EC-038881E77E25}.Release|Any CPU.Build.0 = Release|Any CPU
		{94D7F42E-18FC-43BF-B16D-8F515F593167}.Debug|Any CPU.ActiveCfg = Debug|Any CPU
		{94D7F42E-18FC-43BF-B16D-8F515F593167}.Debug|Any CPU.Build.0 = Debug|Any CPU
		{94D7F42E-18FC-43BF-B16D-8F515F593167}.Release|Any CPU.ActiveCfg = Release|Any CPU
		{94D7F42E-18FC-43BF-B16D-8F515F593167}.Release|Any CPU.Build.0 = Release|Any CPU
		{CF064099-4616-4A91-8998-7F45D3058189}.Debug|Any CPU.ActiveCfg = Debug|Any CPU
		{CF064099-4616-4A91-8998-7F45D3058189}.Debug|Any CPU.Build.0 = Debug|Any CPU
		{CF064099-4616-4A91-8998-7F45D3058189}.Release|Any CPU.ActiveCfg = Release|Any CPU
		{CF064099-4616-4A91-8998-7F45D3058189}.Release|Any CPU.Build.0 = Release|Any CPU
		{24426311-E6E3-4F31-93C1-C8153180966C}.Debug|Any CPU.ActiveCfg = Debug|Any CPU
		{24426311-E6E3-4F31-93C1-C8153180966C}.Debug|Any CPU.Build.0 = Debug|Any CPU
		{24426311-E6E3-4F31-93C1-C8153180966C}.Release|Any CPU.ActiveCfg = Release|Any CPU
		{24426311-E6E3-4F31-93C1-C8153180966C}.Release|Any CPU.Build.0 = Release|Any CPU
		{B6A648ED-7253-458C-9CFC-5B735A6A3B6E}.Debug|Any CPU.ActiveCfg = Debug|Any CPU
		{B6A648ED-7253-458C-9CFC-5B735A6A3B6E}.Debug|Any CPU.Build.0 = Debug|Any CPU
		{B6A648ED-7253-458C-9CFC-5B735A6A3B6E}.Release|Any CPU.ActiveCfg = Release|Any CPU
		{B6A648ED-7253-458C-9CFC-5B735A6A3B6E}.Release|Any CPU.Build.0 = Release|Any CPU
		{16AD0F22-59F5-4DB3-8245-A49405310EF7}.Debug|Any CPU.ActiveCfg = Debug|Any CPU
		{16AD0F22-59F5-4DB3-8245-A49405310EF7}.Debug|Any CPU.Build.0 = Debug|Any CPU
		{16AD0F22-59F5-4DB3-8245-A49405310EF7}.Release|Any CPU.ActiveCfg = Release|Any CPU
		{16AD0F22-59F5-4DB3-8245-A49405310EF7}.Release|Any CPU.Build.0 = Release|Any CPU
		{D28813C7-7D32-4403-8988-940119239E56}.Debug|Any CPU.ActiveCfg = Debug|Any CPU
		{D28813C7-7D32-4403-8988-940119239E56}.Debug|Any CPU.Build.0 = Debug|Any CPU
		{D28813C7-7D32-4403-8988-940119239E56}.Release|Any CPU.ActiveCfg = Release|Any CPU
		{D28813C7-7D32-4403-8988-940119239E56}.Release|Any CPU.Build.0 = Release|Any CPU
		{7762D56E-5553-4710-A3FC-6798B9179DE3}.Debug|Any CPU.ActiveCfg = Debug|Any CPU
		{7762D56E-5553-4710-A3FC-6798B9179DE3}.Debug|Any CPU.Build.0 = Debug|Any CPU
		{7762D56E-5553-4710-A3FC-6798B9179DE3}.Release|Any CPU.ActiveCfg = Release|Any CPU
		{7762D56E-5553-4710-A3FC-6798B9179DE3}.Release|Any CPU.Build.0 = Release|Any CPU
		{F51B0A18-7767-4B87-A780-F930470B5160}.Debug|Any CPU.ActiveCfg = Debug|Any CPU
		{F51B0A18-7767-4B87-A780-F930470B5160}.Debug|Any CPU.Build.0 = Debug|Any CPU
		{F51B0A18-7767-4B87-A780-F930470B5160}.Release|Any CPU.ActiveCfg = Release|Any CPU
		{F51B0A18-7767-4B87-A780-F930470B5160}.Release|Any CPU.Build.0 = Release|Any CPU
		{C13F957B-4AD8-44F4-871A-6DB22A7755F7}.Debug|Any CPU.ActiveCfg = Debug|Any CPU
		{C13F957B-4AD8-44F4-871A-6DB22A7755F7}.Debug|Any CPU.Build.0 = Debug|Any CPU
		{C13F957B-4AD8-44F4-871A-6DB22A7755F7}.Release|Any CPU.ActiveCfg = Release|Any CPU
		{C13F957B-4AD8-44F4-871A-6DB22A7755F7}.Release|Any CPU.Build.0 = Release|Any CPU
		{1D324309-821D-45A0-9562-1FEB869D17EF}.Debug|Any CPU.ActiveCfg = Debug|Any CPU
		{1D324309-821D-45A0-9562-1FEB869D17EF}.Debug|Any CPU.Build.0 = Debug|Any CPU
		{1D324309-821D-45A0-9562-1FEB869D17EF}.Release|Any CPU.ActiveCfg = Release|Any CPU
		{1D324309-821D-45A0-9562-1FEB869D17EF}.Release|Any CPU.Build.0 = Release|Any CPU
		{27634643-0924-421E-9E18-491CB4C76841}.Debug|Any CPU.ActiveCfg = Debug|Any CPU
		{27634643-0924-421E-9E18-491CB4C76841}.Debug|Any CPU.Build.0 = Debug|Any CPU
		{27634643-0924-421E-9E18-491CB4C76841}.Release|Any CPU.ActiveCfg = Release|Any CPU
		{27634643-0924-421E-9E18-491CB4C76841}.Release|Any CPU.Build.0 = Release|Any CPU
		{0C9008A7-04EB-4D10-8D12-F0A0EAC9591E}.Debug|Any CPU.ActiveCfg = Debug|Any CPU
		{0C9008A7-04EB-4D10-8D12-F0A0EAC9591E}.Debug|Any CPU.Build.0 = Debug|Any CPU
		{0C9008A7-04EB-4D10-8D12-F0A0EAC9591E}.Release|Any CPU.ActiveCfg = Release|Any CPU
		{0C9008A7-04EB-4D10-8D12-F0A0EAC9591E}.Release|Any CPU.Build.0 = Release|Any CPU
		{EBF121C0-DBBA-450B-83DD-85885EE60D7B}.Debug|Any CPU.ActiveCfg = Debug|Any CPU
		{EBF121C0-DBBA-450B-83DD-85885EE60D7B}.Debug|Any CPU.Build.0 = Debug|Any CPU
		{EBF121C0-DBBA-450B-83DD-85885EE60D7B}.Release|Any CPU.ActiveCfg = Release|Any CPU
		{EBF121C0-DBBA-450B-83DD-85885EE60D7B}.Release|Any CPU.Build.0 = Release|Any CPU
		{6267EA65-D7CE-4869-95A2-0051F55F9BC5}.Debug|Any CPU.ActiveCfg = Debug|Any CPU
		{6267EA65-D7CE-4869-95A2-0051F55F9BC5}.Debug|Any CPU.Build.0 = Debug|Any CPU
		{6267EA65-D7CE-4869-95A2-0051F55F9BC5}.Release|Any CPU.ActiveCfg = Release|Any CPU
		{6267EA65-D7CE-4869-95A2-0051F55F9BC5}.Release|Any CPU.Build.0 = Release|Any CPU
		{4F1FDF8D-3F32-435A-B2CB-91F497D35274}.Debug|Any CPU.ActiveCfg = Debug|Any CPU
		{4F1FDF8D-3F32-435A-B2CB-91F497D35274}.Debug|Any CPU.Build.0 = Debug|Any CPU
		{4F1FDF8D-3F32-435A-B2CB-91F497D35274}.Release|Any CPU.ActiveCfg = Release|Any CPU
		{4F1FDF8D-3F32-435A-B2CB-91F497D35274}.Release|Any CPU.Build.0 = Release|Any CPU
		{B7E325F8-5FE3-4BD7-95DA-4505F048976C}.Debug|Any CPU.ActiveCfg = Debug|Any CPU
		{B7E325F8-5FE3-4BD7-95DA-4505F048976C}.Debug|Any CPU.Build.0 = Debug|Any CPU
		{B7E325F8-5FE3-4BD7-95DA-4505F048976C}.Release|Any CPU.ActiveCfg = Release|Any CPU
		{B7E325F8-5FE3-4BD7-95DA-4505F048976C}.Release|Any CPU.Build.0 = Release|Any CPU
	EndGlobalSection
	GlobalSection(SolutionProperties) = preSolution
		HideSolutionNode = FALSE
	EndGlobalSection
	GlobalSection(ExtensibilityGlobals) = postSolution
		SolutionGuid = {E7F8731B-B621-41B3-AA25-BBB6403045E5}
	EndGlobalSection
EndGlobal
