
Microsoft Visual Studio Solution File, Format Version 12.00
# Visual Studio Version 16
VisualStudioVersion = 16.0.29905.134
MinimumVisualStudioVersion = 10.0.40219.1
Project("{FAE04EC0-301F-11D3-BF4B-00C04F79EFBC}") = "Shared", "Shared\Shared.csproj", "{F498ADC2-32B2-4F82-BCA6-A330D4F52B52}"
EndProject
Global
	GlobalSection(SolutionConfigurationPlatforms) = preSolution
		Debug|Any CPU = Debug|Any CPU
		Release|Any CPU = Release|Any CPU
	EndGlobalSection
	GlobalSection(ProjectConfigurationPlatforms) = postSolution
		{F498ADC2-32B2-4F82-BCA6-A330D4F52B52}.Debug|Any CPU.ActiveCfg = Debug|Any CPU
		{F498ADC2-32B2-4F82-BCA6-A330D4F52B52}.Debug|Any CPU.Build.0 = Debug|Any CPU
		{F498ADC2-32B2-4F82-BCA6-A330D4F52B52}.Release|Any CPU.ActiveCfg = Release|Any CPU
		{F498ADC2-32B2-4F82-BCA6-A330D4F52B52}.Release|Any CPU.Build.0 = Release|Any CPU
	EndGlobalSection
	GlobalSection(SolutionProperties) = preSolution
		HideSolutionNode = FALSE
	EndGlobalSection
	GlobalSection(ExtensibilityGlobals) = postSolution
		SolutionGuid = {709F7D5E-70EA-4063-9FF8-50CE13229AF1}
	EndGlobalSection
EndGlobal
