
Microsoft Visual Studio Solution File, Format Version 12.00
# Visual Studio Version 16
VisualStudioVersion = 16.0.29418.71
MinimumVisualStudioVersion = 10.0.40219.1
Project("{9A19103F-16F7-4668-BE54-9A1E7A4F7556}") = "Workers", "Workers\Workers.csproj", "{22227F13-0EC6-46EC-A7BD-B09C233FBCAD}"
EndProject
Project("{9A19103F-16F7-4668-BE54-9A1E7A4F7556}") = "DataAccess", "DataAccess\DataAccess.csproj", "{FC540D4A-E1CE-49FF-A0AE-7F3FA3667435}"
EndProject
Project("{9A19103F-16F7-4668-BE54-9A1E7A4F7556}") = "BusinessLogic", "BusinessLogic\BusinessLogic.csproj", "{2B642C78-D3F8-428F-B806-58D323A86D03}"
EndProject
Project("{9A19103F-16F7-4668-BE54-9A1E7A4F7556}") = "Shared", "..\Shared\Shared\Shared.csproj", "{FA376B5A-8D4A-4B33-BB58-137714E0A0AA}"
EndProject
Global
	GlobalSection(SolutionConfigurationPlatforms) = preSolution
		Debug|Any CPU = Debug|Any CPU
		Release|Any CPU = Release|Any CPU
	EndGlobalSection
	GlobalSection(ProjectConfigurationPlatforms) = postSolution
		{22227F13-0EC6-46EC-A7BD-B09C233FBCAD}.Debug|Any CPU.ActiveCfg = Debug|Any CPU
		{22227F13-0EC6-46EC-A7BD-B09C233FBCAD}.Debug|Any CPU.Build.0 = Debug|Any CPU
		{22227F13-0EC6-46EC-A7BD-B09C233FBCAD}.Release|Any CPU.ActiveCfg = Release|Any CPU
		{22227F13-0EC6-46EC-A7BD-B09C233FBCAD}.Release|Any CPU.Build.0 = Release|Any CPU
		{FC540D4A-E1CE-49FF-A0AE-7F3FA3667435}.Debug|Any CPU.ActiveCfg = Debug|Any CPU
		{FC540D4A-E1CE-49FF-A0AE-7F3FA3667435}.Debug|Any CPU.Build.0 = Debug|Any CPU
		{FC540D4A-E1CE-49FF-A0AE-7F3FA3667435}.Release|Any CPU.ActiveCfg = Release|Any CPU
		{FC540D4A-E1CE-49FF-A0AE-7F3FA3667435}.Release|Any CPU.Build.0 = Release|Any CPU
		{2B642C78-D3F8-428F-B806-58D323A86D03}.Debug|Any CPU.ActiveCfg = Debug|Any CPU
		{2B642C78-D3F8-428F-B806-58D323A86D03}.Debug|Any CPU.Build.0 = Debug|Any CPU
		{2B642C78-D3F8-428F-B806-58D323A86D03}.Release|Any CPU.ActiveCfg = Release|Any CPU
		{2B642C78-D3F8-428F-B806-58D323A86D03}.Release|Any CPU.Build.0 = Release|Any CPU
		{FA376B5A-8D4A-4B33-BB58-137714E0A0AA}.Debug|Any CPU.ActiveCfg = Debug|Any CPU
		{FA376B5A-8D4A-4B33-BB58-137714E0A0AA}.Debug|Any CPU.Build.0 = Debug|Any CPU
		{FA376B5A-8D4A-4B33-BB58-137714E0A0AA}.Release|Any CPU.ActiveCfg = Release|Any CPU
		{FA376B5A-8D4A-4B33-BB58-137714E0A0AA}.Release|Any CPU.Build.0 = Release|Any CPU
	EndGlobalSection
	GlobalSection(SolutionProperties) = preSolution
		HideSolutionNode = FALSE
	EndGlobalSection
	GlobalSection(ExtensibilityGlobals) = postSolution
		SolutionGuid = {C71AE60E-C572-4AE7-848F-A9A7B94F5FDE}
	EndGlobalSection
EndGlobal
